
Microsoft Visual Studio Solution File, Format Version 12.00
# Visual Studio 2012
Project("{FAE04EC0-301F-11D3-BF4B-00C04F79EFBC}") = "COI", "COI\COI.csproj", "{C828CF02-3114-4E87-A42C-A6B157D361C0}"
EndProject
Project("{FAE04EC0-301F-11D3-BF4B-00C04F79EFBC}") = "SI-CONFIG", "SI-CONFIG\SI-CONFIG.csproj", "{1EEA35E4-073B-4393-A3A7-B69963178449}"
EndProject
Project("{FAE04EC0-301F-11D3-BF4B-00C04F79EFBC}") = "Common", "Common\Common.csproj", "{167E7615-B2DE-4C65-9532-1752C810FC99}"
EndProject
Global
	GlobalSection(TeamFoundationVersionControl) = preSolution
		SccNumberOfProjects = 4
		SccEnterpriseProvider = {4CA58AB2-18FA-4F8D-95D4-32DDF27D184C}
		SccTeamFoundationServer = http://mdzhwctfs01:8080/tfs/defaultcollection
		SccProjectUniqueName0 = COI\\COI.csproj
		SccProjectName0 = COI
		SccLocalPath0 = COI
		SccProjectUniqueName1 = SI-CONFIG\\SI-CONFIG.csproj
		SccProjectName1 = SI-CONFIG
		SccLocalPath1 = SI-CONFIG
		SccProjectUniqueName2 = Common\\Common.csproj
		SccProjectName2 = Common
		SccLocalPath2 = Common
		SccLocalPath3 = .
	EndGlobalSection
	GlobalSection(SolutionConfigurationPlatforms) = preSolution
		Debug|Any CPU = Debug|Any CPU
		Release|Any CPU = Release|Any CPU
	EndGlobalSection
	GlobalSection(ProjectConfigurationPlatforms) = postSolution
		{C828CF02-3114-4E87-A42C-A6B157D361C0}.Debug|Any CPU.ActiveCfg = Debug|Any CPU
		{C828CF02-3114-4E87-A42C-A6B157D361C0}.Debug|Any CPU.Build.0 = Debug|Any CPU
		{C828CF02-3114-4E87-A42C-A6B157D361C0}.Release|Any CPU.ActiveCfg = Release|Any CPU
		{C828CF02-3114-4E87-A42C-A6B157D361C0}.Release|Any CPU.Build.0 = Release|Any CPU
		{1EEA35E4-073B-4393-A3A7-B69963178449}.Debug|Any CPU.ActiveCfg = Debug|Any CPU
		{1EEA35E4-073B-4393-A3A7-B69963178449}.Debug|Any CPU.Build.0 = Debug|Any CPU
		{1EEA35E4-073B-4393-A3A7-B69963178449}.Release|Any CPU.ActiveCfg = Release|Any CPU
		{1EEA35E4-073B-4393-A3A7-B69963178449}.Release|Any CPU.Build.0 = Release|Any CPU
		{167E7615-B2DE-4C65-9532-1752C810FC99}.Debug|Any CPU.ActiveCfg = Debug|Any CPU
		{167E7615-B2DE-4C65-9532-1752C810FC99}.Debug|Any CPU.Build.0 = Debug|Any CPU
		{167E7615-B2DE-4C65-9532-1752C810FC99}.Release|Any CPU.ActiveCfg = Release|Any CPU
		{167E7615-B2DE-4C65-9532-1752C810FC99}.Release|Any CPU.Build.0 = Release|Any CPU
	EndGlobalSection
	GlobalSection(SolutionProperties) = preSolution
		HideSolutionNode = FALSE
	EndGlobalSection
EndGlobal
