
Microsoft Visual Studio Solution File, Format Version 12.00
# Visual Studio 2013
VisualStudioVersion = 12.0.31101.0
MinimumVisualStudioVersion = 10.0.40219.1
Project("{2150E333-8FDC-42A3-9474-1A3956D46DE8}") = "Build", "Build", "{1700B98D-44B7-439C-A001-6C7A56EDB6D9}"
	ProjectSection(SolutionItems) = preProject
		Selenium.build = Selenium.build
	EndProjectSection
EndProject
Project("{FAE04EC0-301F-11D3-BF4B-00C04F79EFBC}") = "SeleniumExtension", "SeleniumExtension\SeleniumExtension.csproj", "{D82EFC2F-3E2D-4892-9D5D-327139693BB4}"
EndProject
Project("{FAE04EC0-301F-11D3-BF4B-00C04F79EFBC}") = "SCS", "SCS2\SCS.csproj", "{4E9CD23D-6DAC-46B5-A8B2-9966647CB131}"
	ProjectSection(ProjectDependencies) = postProject
		{D82EFC2F-3E2D-4892-9D5D-327139693BB4} = {D82EFC2F-3E2D-4892-9D5D-327139693BB4}
	EndProjectSection
EndProject
Project("{2150E333-8FDC-42A3-9474-1A3956D46DE8}") = "Documents", "Documents", "{20517DF7-28B0-4749-864B-0E815ECD5152}"
	ProjectSection(SolutionItems) = preProject
		C:\Users\siegmund\Documents\Architecture Graph For SeleniumTests.png = C:\Users\siegmund\Documents\Architecture Graph For SeleniumTests.png
		ConvertToNunit.txt = ConvertToNunit.txt
		..\..\..\..\HOME.md = ..\..\..\..\HOME.md
		E:\ABLAGE\SCS\Projektplan für Testautomatisierung SCS.mpp = E:\ABLAGE\SCS\Projektplan für Testautomatisierung SCS.mpp
		Documents\Test-Automatisierung-Konzept.docx = Documents\Test-Automatisierung-Konzept.docx
		Documents\TESTAUTOMATISIERUNG.cayra = Documents\TESTAUTOMATISIERUNG.cayra
		Documents\TESTAUTOMATISIERUNG.mm = Documents\TESTAUTOMATISIERUNG.mm
	EndProjectSection
EndProject
Project("{FAE04EC0-301F-11D3-BF4B-00C04F79EFBC}") = "SystemTest", "SystemTest\SystemTest.csproj", "{427078EA-B71A-4CA8-BF74-155AFDFD5C5B}"
EndProject
Project("{2150E333-8FDC-42A3-9474-1A3956D46DE8}") = "Tests", "Tests", "{15F781AC-F400-4633-8DAF-D4193C83738B}"
EndProject
Project("{FAE04EC0-301F-11D3-BF4B-00C04F79EFBC}") = "SmokeTest", "SmokeTest\SmokeTest.csproj", "{30D92BBD-3D78-4448-AC5D-EAD720E16B66}"
EndProject
Project("{2150E333-8FDC-42A3-9474-1A3956D46DE8}") = "Application", "Application", "{97FDFEA0-5A98-43AD-909F-244631AE6C4A}"
EndProject
Project("{2150E333-8FDC-42A3-9474-1A3956D46DE8}") = "Infrastructure", "Infrastructure", "{B1F12968-8683-4315-936C-3CA886A18E65}"
EndProject
Project("{FAE04EC0-301F-11D3-BF4B-00C04F79EFBC}") = "TestData", "TestData\TestData.csproj", "{2F418EF9-C1C1-4E32-8954-5EA1B5257F20}"
EndProject
Project("{FAE04EC0-301F-11D3-BF4B-00C04F79EFBC}") = "Workflow", "Workflow\Workflow.csproj", "{6D99C089-ECA8-42DA-B74B-EAF28E457D83}"
EndProject
Project("{FAE04EC0-301F-11D3-BF4B-00C04F79EFBC}") = "Testlogic", "TestFlow\Testlogic.csproj", "{4DB6CE42-98DA-41B4-A830-1A0F8A0B973F}"
EndProject
Project("{FAE04EC0-301F-11D3-BF4B-00C04F79EFBC}") = "Backoffice", "SaferpayBackoffice\Backoffice.csproj", "{724744A8-0BAA-437E-8CE2-3160CBDD9F44}"
EndProject
Global
	GlobalSection(SolutionConfigurationPlatforms) = preSolution
		Debug|Any CPU = Debug|Any CPU
		Release|Any CPU = Release|Any CPU
	EndGlobalSection
	GlobalSection(ProjectConfigurationPlatforms) = postSolution
		{D82EFC2F-3E2D-4892-9D5D-327139693BB4}.Debug|Any CPU.ActiveCfg = Debug|Any CPU
		{D82EFC2F-3E2D-4892-9D5D-327139693BB4}.Debug|Any CPU.Build.0 = Debug|Any CPU
		{D82EFC2F-3E2D-4892-9D5D-327139693BB4}.Debug|Any CPU.Deploy.0 = Debug|Any CPU
		{D82EFC2F-3E2D-4892-9D5D-327139693BB4}.Release|Any CPU.ActiveCfg = Release|Any CPU
		{D82EFC2F-3E2D-4892-9D5D-327139693BB4}.Release|Any CPU.Build.0 = Release|Any CPU
		{4E9CD23D-6DAC-46B5-A8B2-9966647CB131}.Debug|Any CPU.ActiveCfg = Debug|Any CPU
		{4E9CD23D-6DAC-46B5-A8B2-9966647CB131}.Debug|Any CPU.Build.0 = Debug|Any CPU
		{4E9CD23D-6DAC-46B5-A8B2-9966647CB131}.Debug|Any CPU.Deploy.0 = Debug|Any CPU
		{4E9CD23D-6DAC-46B5-A8B2-9966647CB131}.Release|Any CPU.ActiveCfg = Release|Any CPU
		{4E9CD23D-6DAC-46B5-A8B2-9966647CB131}.Release|Any CPU.Build.0 = Release|Any CPU
		{427078EA-B71A-4CA8-BF74-155AFDFD5C5B}.Debug|Any CPU.ActiveCfg = Debug|Any CPU
		{427078EA-B71A-4CA8-BF74-155AFDFD5C5B}.Debug|Any CPU.Build.0 = Debug|Any CPU
		{427078EA-B71A-4CA8-BF74-155AFDFD5C5B}.Release|Any CPU.ActiveCfg = Release|Any CPU
		{427078EA-B71A-4CA8-BF74-155AFDFD5C5B}.Release|Any CPU.Build.0 = Release|Any CPU
		{30D92BBD-3D78-4448-AC5D-EAD720E16B66}.Debug|Any CPU.ActiveCfg = Debug|Any CPU
		{30D92BBD-3D78-4448-AC5D-EAD720E16B66}.Debug|Any CPU.Build.0 = Debug|Any CPU
		{30D92BBD-3D78-4448-AC5D-EAD720E16B66}.Release|Any CPU.ActiveCfg = Release|Any CPU
		{30D92BBD-3D78-4448-AC5D-EAD720E16B66}.Release|Any CPU.Build.0 = Release|Any CPU
		{2F418EF9-C1C1-4E32-8954-5EA1B5257F20}.Debug|Any CPU.ActiveCfg = Debug|Any CPU
		{2F418EF9-C1C1-4E32-8954-5EA1B5257F20}.Debug|Any CPU.Build.0 = Debug|Any CPU
		{2F418EF9-C1C1-4E32-8954-5EA1B5257F20}.Release|Any CPU.ActiveCfg = Release|Any CPU
		{2F418EF9-C1C1-4E32-8954-5EA1B5257F20}.Release|Any CPU.Build.0 = Release|Any CPU
		{6D99C089-ECA8-42DA-B74B-EAF28E457D83}.Debug|Any CPU.ActiveCfg = Debug|Any CPU
		{6D99C089-ECA8-42DA-B74B-EAF28E457D83}.Debug|Any CPU.Build.0 = Debug|Any CPU
		{6D99C089-ECA8-42DA-B74B-EAF28E457D83}.Release|Any CPU.ActiveCfg = Release|Any CPU
		{6D99C089-ECA8-42DA-B74B-EAF28E457D83}.Release|Any CPU.Build.0 = Release|Any CPU
		{4DB6CE42-98DA-41B4-A830-1A0F8A0B973F}.Debug|Any CPU.ActiveCfg = Debug|Any CPU
		{4DB6CE42-98DA-41B4-A830-1A0F8A0B973F}.Debug|Any CPU.Build.0 = Debug|Any CPU
		{4DB6CE42-98DA-41B4-A830-1A0F8A0B973F}.Release|Any CPU.ActiveCfg = Release|Any CPU
		{4DB6CE42-98DA-41B4-A830-1A0F8A0B973F}.Release|Any CPU.Build.0 = Release|Any CPU
		{724744A8-0BAA-437E-8CE2-3160CBDD9F44}.Debug|Any CPU.ActiveCfg = Debug|Any CPU
		{724744A8-0BAA-437E-8CE2-3160CBDD9F44}.Debug|Any CPU.Build.0 = Debug|Any CPU
		{724744A8-0BAA-437E-8CE2-3160CBDD9F44}.Release|Any CPU.ActiveCfg = Release|Any CPU
		{724744A8-0BAA-437E-8CE2-3160CBDD9F44}.Release|Any CPU.Build.0 = Release|Any CPU
	EndGlobalSection
	GlobalSection(SolutionProperties) = preSolution
		HideSolutionNode = FALSE
	EndGlobalSection
	GlobalSection(NestedProjects) = preSolution
		{D82EFC2F-3E2D-4892-9D5D-327139693BB4} = {B1F12968-8683-4315-936C-3CA886A18E65}
		{4E9CD23D-6DAC-46B5-A8B2-9966647CB131} = {97FDFEA0-5A98-43AD-909F-244631AE6C4A}
		{427078EA-B71A-4CA8-BF74-155AFDFD5C5B} = {15F781AC-F400-4633-8DAF-D4193C83738B}
		{30D92BBD-3D78-4448-AC5D-EAD720E16B66} = {15F781AC-F400-4633-8DAF-D4193C83738B}
		{2F418EF9-C1C1-4E32-8954-5EA1B5257F20} = {97FDFEA0-5A98-43AD-909F-244631AE6C4A}
		{6D99C089-ECA8-42DA-B74B-EAF28E457D83} = {97FDFEA0-5A98-43AD-909F-244631AE6C4A}
		{4DB6CE42-98DA-41B4-A830-1A0F8A0B973F} = {97FDFEA0-5A98-43AD-909F-244631AE6C4A}
		{724744A8-0BAA-437E-8CE2-3160CBDD9F44} = {97FDFEA0-5A98-43AD-909F-244631AE6C4A}
	EndGlobalSection
EndGlobal
