
Microsoft Visual Studio Solution File, Format Version 12.00
# Visual Studio 2012
Project("{FAE04EC0-301F-11D3-BF4B-00C04F79EFBC}") = "COITests", "COITests.csproj", "{C828CF02-3114-4E87-A42C-A6B157D361C0}"
EndProject
Global
	GlobalSection(SolutionConfigurationPlatforms) = preSolution
		Debug|Any CPU = Debug|Any CPU
		Release|Any CPU = Release|Any CPU
	EndGlobalSection
	GlobalSection(ProjectConfigurationPlatforms) = postSolution
		{C828CF02-3114-4E87-A42C-A6B157D361C0}.Debug|Any CPU.ActiveCfg = Debug|Any CPU
		{C828CF02-3114-4E87-A42C-A6B157D361C0}.Debug|Any CPU.Build.0 = Debug|Any CPU
		{C828CF02-3114-4E87-A42C-A6B157D361C0}.Release|Any CPU.ActiveCfg = Release|Any CPU
		{C828CF02-3114-4E87-A42C-A6B157D361C0}.Release|Any CPU.Build.0 = Release|Any CPU
	EndGlobalSection
	GlobalSection(SolutionProperties) = preSolution
		HideSolutionNode = FALSE
	EndGlobalSection
EndGlobal
